
Microsoft Visual Studio Solution File, Format Version 12.00
# Visual Studio Version 17
VisualStudioVersion = 17.0.31903.59
MinimumVisualStudioVersion = 10.0.40219.1
Project("{FAE04EC0-301F-11D3-BF4B-00C04F79EFBC}") = "BackendService", "BackendService\BackendService.csproj", "{DA3F5403-3290-42A5-A2A2-D6BFD894033B}"
EndProject
Project("{FAE04EC0-301F-11D3-BF4B-00C04F79EFBC}") = "BackendService.tests", "BackendService.tests\BackendService.tests.csproj", "{241C1D37-92F9-48B8-A02B-23BFA6FF6879}"
EndProject
Global
	GlobalSection(SolutionConfigurationPlatforms) = preSolution
		Debug|Any CPU = Debug|Any CPU
		Release|Any CPU = Release|Any CPU
	EndGlobalSection
	GlobalSection(SolutionProperties) = preSolution
		HideSolutionNode = FALSE
	EndGlobalSection
	GlobalSection(ProjectConfigurationPlatforms) = postSolution
		{DA3F5403-3290-42A5-A2A2-D6BFD894033B}.Debug|Any CPU.ActiveCfg = Debug|Any CPU
		{DA3F5403-3290-42A5-A2A2-D6BFD894033B}.Debug|Any CPU.Build.0 = Debug|Any CPU
		{DA3F5403-3290-42A5-A2A2-D6BFD894033B}.Release|Any CPU.ActiveCfg = Release|Any CPU
		{DA3F5403-3290-42A5-A2A2-D6BFD894033B}.Release|Any CPU.Build.0 = Release|Any CPU
		{241C1D37-92F9-48B8-A02B-23BFA6FF6879}.Debug|Any CPU.ActiveCfg = Debug|Any CPU
		{241C1D37-92F9-48B8-A02B-23BFA6FF6879}.Debug|Any CPU.Build.0 = Debug|Any CPU
		{241C1D37-92F9-48B8-A02B-23BFA6FF6879}.Release|Any CPU.ActiveCfg = Release|Any CPU
		{241C1D37-92F9-48B8-A02B-23BFA6FF6879}.Release|Any CPU.Build.0 = Release|Any CPU
	EndGlobalSection
EndGlobal
